
Microsoft Visual Studio Solution File, Format Version 12.00
# Visual Studio 2013
VisualStudioVersion = 12.0.31101.0
MinimumVisualStudioVersion = 10.0.40219.1
Project("{8BC9CEB8-8B4A-11D0-8D11-00A0C91BC942}") = "Calculator", "Calculator\Calculator.vcxproj", "{2AD63200-4E23-4A09-968F-4D942B81FE66}"
EndProject
Project("{8BC9CEB8-8B4A-11D0-8D11-00A0C91BC942}") = "GoogleTest", "GoogleTest\GoogleTest.vcxproj", "{0ECDB41E-1E3C-4781-801E-219509AAA587}"
EndProject
Project("{8BC9CEB8-8B4A-11D0-8D11-00A0C91BC942}") = "unittest_Calculator", "unittest_Calculator\unittest_Calculator.vcxproj", "{E6951F17-0873-45BC-9E2F-38E52788CDA4}"
EndProject
Global
	GlobalSection(SolutionConfigurationPlatforms) = preSolution
		Debug|Win32 = Debug|Win32
		Release|Win32 = Release|Win32
	EndGlobalSection
	GlobalSection(ProjectConfigurationPlatforms) = postSolution
		{2AD63200-4E23-4A09-968F-4D942B81FE66}.Debug|Win32.ActiveCfg = Debug|Win32
		{2AD63200-4E23-4A09-968F-4D942B81FE66}.Debug|Win32.Build.0 = Debug|Win32
		{2AD63200-4E23-4A09-968F-4D942B81FE66}.Release|Win32.ActiveCfg = Release|Win32
		{2AD63200-4E23-4A09-968F-4D942B81FE66}.Release|Win32.Build.0 = Release|Win32
		{0ECDB41E-1E3C-4781-801E-219509AAA587}.Debug|Win32.ActiveCfg = Debug|Win32
		{0ECDB41E-1E3C-4781-801E-219509AAA587}.Debug|Win32.Build.0 = Debug|Win32
		{0ECDB41E-1E3C-4781-801E-219509AAA587}.Release|Win32.ActiveCfg = Release|Win32
		{0ECDB41E-1E3C-4781-801E-219509AAA587}.Release|Win32.Build.0 = Release|Win32
		{E6951F17-0873-45BC-9E2F-38E52788CDA4}.Debug|Win32.ActiveCfg = Debug|Win32
		{E6951F17-0873-45BC-9E2F-38E52788CDA4}.Debug|Win32.Build.0 = Debug|Win32
		{E6951F17-0873-45BC-9E2F-38E52788CDA4}.Release|Win32.ActiveCfg = Release|Win32
		{E6951F17-0873-45BC-9E2F-38E52788CDA4}.Release|Win32.Build.0 = Release|Win32
	EndGlobalSection
	GlobalSection(SolutionProperties) = preSolution
		HideSolutionNode = FALSE
	EndGlobalSection
EndGlobal
